lockfileVersion: '9.0'

settings:
  autoInstallPeers: true
  excludeLinksFromLockfile: false

importers:

  .:
    dependencies:
      dsh-compare-text:
        specifier: link:E:/code/compare-text/plugins/dsh-compare-text
        version: link:plugins/dsh-compare-text
    devDependencies:
      '@tauri-apps/cli':
        specifier: ^2.0.0
        version: 2.11.5

packages:

  '@tauri-apps/cli-darwin-arm64@2.11.5':
    resolution: {integrity: sha512-tggOiVOohjIHdiElbjeBfB41s6cmfsq+ZQ0PX0fEtCdsDdZ9cCi54e5gNK7tdPbR6JbdDe7RA4kbQdyyBUUk/Q==}
    engines: {node: '>= 10'}
    cpu: [arm64]
    os: [darwin]

  '@tauri-apps/cli-darwin-x64@2.11.5':
    resolution: {integrity: sha512-SrO+KCbqvG1IvVPdlzQX4GEGZRQDISrmDY9bGcW68DLVFBCC06H+Loz6oyUZETUxsSMR6B4oDfvbQVgD4hxsqQ==}
    engines: {node: '>= 10'}
    cpu: [x64]
    os: [darwin]

  '@tauri-apps/cli-linux-arm-gnueabihf@2.11.5':
    resolution: {integrity: sha512-qLrOaCa8hLD5QVPQRjAgOXvhlTFKXmTliVF773GgvADYcWZSdmncnF5zBFAkdu1uQK8KfQbDlBUwqQYZqBfBRQ==}
    engines: {node: '>= 10'}
    cpu: [arm]
    os: [linux]

  '@tauri-apps/cli-linux-arm64-gnu@2.11.5':
    resolution: {integrity: sha512-Tq32xpQjiQEdIrvwDq7lwHhXemn070CXWdbCvr9rdi9rsv9NFTbQ6izVSIfNE+59QaerxuwtUtZ5IxDNWaoYBw==}
    engines: {node: '>= 10'}
    cpu: [arm64]
    os: [linux]
    libc: [glibc]

  '@tauri-apps/cli-linux-arm64-musl@2.11.5':
    resolution: {integrity: sha512-+OdWKj5Aq+C8HXypQ4t926V8cpVnc0ZcJIdhTXWjVAJHkaNuo8EuQR6KRZKHWIbJJgKdMPCDosvwzIFaBBqHKQ==}
    engines: {node: '>= 10'}
    cpu: [arm64]
    os: [linux]
    libc: [musl]

  '@tauri-apps/cli-linux-riscv64-gnu@2.11.5':
    resolution: {integrity: sha512-Q0V2hjpllyDW8dWQZSsITuQDfcY9BpBZuhXkMa2T5AFLZAn+FJPXQSyvnxWNVxRowdQ59Xn0QVtGm6HEHNUEvw==}
    engines: {node: '>= 10'}
    cpu: [riscv64]
    os: [linux]
    libc: [glibc]

  '@tauri-apps/cli-linux-x64-gnu@2.11.5':
    resolution: {integrity: sha512-Xz1s87gFjZJZMQKAhLa77YeiCJM6yVog3f9OxDgVd/KxDIoB1dA5V2xOnMM+SRkOGk9juwIBqesVAjV0kUB0DA==}
    engines: {node: '>= 10'}
    cpu: [x64]
    os: [linux]
    libc: [glibc]

  '@tauri-apps/cli-linux-x64-musl@2.11.5':
    resolution: {integrity: sha512-6A88wqAZXZHgMaBrGiy/Bpa4GgUnftXM7uquKOeOXCuK78/XdBxEECicK/1oHgrT179XBFOaA6lQEHysjRmGig==}
    engines: {node: '>= 10'}
    cpu: [x64]
    os: [linux]
    libc: [musl]

  '@tauri-apps/cli-win32-arm64-msvc@2.11.5':
    resolution: {integrity: sha512-sRGgF/ObRfLcS3PtUdyTbJtkGq3E+PNZTknvAURwMNUtHw9DU/BF6S5si43y9lS5yEO9bWJCA+GGYvnn6cphQw==}
    engines: {node: '>= 10'}
    cpu: [arm64]
    os: [win32]

  '@tauri-apps/cli-win32-ia32-msvc@2.11.5':
    resolution: {integrity: sha512-bHOv/yxqfKpI7ioIFQi5wOfZ7jkbPzJD/UhXY52I/hrmE3qNh71cohIPyqZB5GQn3LZeJWdCUOqmIg/w6XX+Wg==}
    engines: {node: '>= 10'}
    cpu: [ia32]
    os: [win32]

  '@tauri-apps/cli-win32-x64-msvc@2.11.5':
    resolution: {integrity: sha512-vaaOmavqdCeS7oMib2banBZemgrC5v54tSkwoBV+bxrXQZhQZrOwE2EO2i4x+CHNtvQUM/6bSs3iymZMAsycWg==}
    engines: {node: '>= 10'}
    cpu: [x64]
    os: [win32]

  '@tauri-apps/cli@2.11.5':
    resolution: {integrity: sha512-YbeJ6tctNoo40purO4u3Eeo3RVqmsjJr0NoKQRu+4pvO4gMLzkjta7x0k96SxSLmx+rQ+8um1ThOlw+HLpgFug==}
    engines: {node: '>= 10'}
    hasBin: true

snapshots:

  '@tauri-apps/cli-darwin-arm64@2.11.5':
    optional: true

  '@tauri-apps/cli-darwin-x64@2.11.5':
    optional: true

  '@tauri-apps/cli-linux-arm-gnueabihf@2.11.5':
    optional: true

  '@tauri-apps/cli-linux-arm64-gnu@2.11.5':
    optional: true

  '@tauri-apps/cli-linux-arm64-musl@2.11.5':
    optional: true

  '@tauri-apps/cli-linux-riscv64-gnu@2.11.5':
    optional: true

  '@tauri-apps/cli-linux-x64-gnu@2.11.5':
    optional: true

  '@tauri-apps/cli-linux-x64-musl@2.11.5':
    optional: true

  '@tauri-apps/cli-win32-arm64-msvc@2.11.5':
    optional: true

  '@tauri-apps/cli-win32-ia32-msvc@2.11.5':
    optional: true

  '@tauri-apps/cli-win32-x64-msvc@2.11.5':
    optional: true

  '@tauri-apps/cli@2.11.5':
    optionalDependencies:
      '@tauri-apps/cli-darwin-arm64': 2.11.5
      '@tauri-apps/cli-darwin-x64': 2.11.5
      '@tauri-apps/cli-linux-arm-gnueabihf': 2.11.5
      '@tauri-apps/cli-linux-arm64-gnu': 2.11.5
      '@tauri-apps/cli-linux-arm64-musl': 2.11.5
      '@tauri-apps/cli-linux-riscv64-gnu': 2.11.5
      '@tauri-apps/cli-linux-x64-gnu': 2.11.5
      '@tauri-apps/cli-linux-x64-musl': 2.11.5
      '@tauri-apps/cli-win32-arm64-msvc': 2.11.5
      '@tauri-apps/cli-win32-ia32-msvc': 2.11.5
      '@tauri-apps/cli-win32-x64-msvc': 2.11.5
